{
  "lockfileVersion": 1,
  "configVersion": 1,
  "workspaces": {
    "": {
      "name": "bun-react-template",
      "dependencies": {
        "react": "^19",
        "react-dom": "^19",
      },
      "devDependencies": {
        "@types/bun": "latest",
        "@types/chrome": "^0.0.266",
        "@types/react": "^19",
        "@types/react-dom": "^19",
      },
    },
  },
  "packages": {
    "@types/bun": ["@types/bun@1.3.3", "", { "dependencies": { "bun-types": "1.3.3" } }, "sha512-ogrKbJ2X5N0kWLLFKeytG0eHDleBYtngtlbu9cyBKFtNL3cnpDZkNdQj8flVf6WTZUX5ulI9AY1oa7ljhSrp+g=="],

    "@types/chrome": ["@types/chrome@0.0.266", "", { "dependencies": { "@types/filesystem": "*", "@types/har-format": "*" } }, "sha512-QSQWJTL7NjZElvq/6/E5C1+pHgEP8UAJzwoz7M4vSJ7AECt6NNehJ+tU6snnvuTqZOBjFCivvitYo5+8tNPmhg=="],

    "@types/filesystem": ["@types/filesystem@0.0.36", "", { "dependencies": { "@types/filewriter": "*" } }, "sha512-vPDXOZuannb9FZdxgHnqSwAG/jvdGM8Wq+6N4D/d80z+D4HWH+bItqsZaVRQykAn6WEVeEkLm2oQigyHtgb0RA=="],

    "@types/filewriter": ["@types/filewriter@0.0.33", "", {}, "sha512-xFU8ZXTw4gd358lb2jw25nxY9QAgqn2+bKKjKOYfNCzN4DKCFetK7sPtrlpg66Ywe3vWY9FNxprZawAh9wfJ3g=="],

    "@types/har-format": ["@types/har-format@1.2.16", "", {}, "sha512-fluxdy7ryD3MV6h8pTfTYpy/xQzCFC7m89nOH9y94cNqJ1mDIDPut7MnRHI3F6qRmh/cT2fUjG1MLdCNb4hE9A=="],

    "@types/node": ["@types/node@24.10.1", "", { "dependencies": { "undici-types": "~7.16.0" } }, "sha512-GNWcUTRBgIRJD5zj+Tq0fKOJ5XZajIiBroOF0yvj2bSU1WvNdYS/dn9UxwsujGW4JX06dnHyjV2y9rRaybH0iQ=="],

    "@types/react": ["@types/react@19.2.7", "", { "dependencies": { "csstype": "^3.2.2" } }, "sha512-MWtvHrGZLFttgeEj28VXHxpmwYbor/ATPYbBfSFZEIRK0ecCFLl2Qo55z52Hss+UV9CRN7trSeq1zbgx7YDWWg=="],

    "@types/react-dom": ["@types/react-dom@19.2.3", "", { "peerDependencies": { "@types/react": "^19.2.0" } }, "sha512-jp2L/eY6fn+KgVVQAOqYItbF0VY/YApe5Mz2F0aykSO8gx31bYCZyvSeYxCHKvzHG5eZjc+zyaS5BrBWya2+kQ=="],

    "bun-types": ["bun-types@1.3.3", "", { "dependencies": { "@types/node": "*" } }, "sha512-z3Xwlg7j2l9JY27x5Qn3Wlyos8YAp0kKRlrePAOjgjMGS5IG6E7Jnlx736vH9UVI4wUICwwhC9anYL++XeOgTQ=="],

    "csstype": ["csstype@3.2.3", "", {}, "sha512-z1HGKcYy2xA8AGQfwrn0PAy+PB7X/GSj3UVJW9qKyn43xWa+gl5nXmU4qqLMRzWVLFC8KusUX8T/0kCiOYpAIQ=="],

    "react": ["react@19.2.1", "", {}, "sha512-DGrYcCWK7tvYMnWh79yrPHt+vdx9tY+1gPZa7nJQtO/p8bLTDaHp4dzwEhQB7pZ4Xe3ok4XKuEPrVuc+wlpkmw=="],

    "react-dom": ["react-dom@19.2.1", "", { "dependencies": { "scheduler": "^0.27.0" }, "peerDependencies": { "react": "^19.2.1" } }, "sha512-ibrK8llX2a4eOskq1mXKu/TGZj9qzomO+sNfO98M6d9zIPOEhlBkMkBUBLd1vgS0gQsLDBzA+8jJBVXDnfHmJg=="],

    "scheduler": ["scheduler@0.27.0", "", {}, "sha512-eNv+WrVbKu1f3vbYJT/xtiF5syA5HPIMtf9IgY/nKg0sWqzAUEvqY/xm7OcZc/qafLx/iO9FgOmeSAp4v5ti/Q=="],

    "undici-types": ["undici-types@7.16.0", "", {}, "sha512-Zz+aZWSj8LE6zoxD+xrjh4VfkIG8Ya6LvYkZqtUQGJPZjYl53ypCaUwWqo7eI0x66KBGeRo+mlBEkMSeSZ38Nw=="],
  }
}
