{
  "lockfileVersion": 1,
  "configVersion": 1,
  "workspaces": {
    "": {
      "name": "bun-react-template",
      "dependencies": {
        "react": "^19",
        "react-dom": "^19",
        "react-qr-code": "^2.0.18",
      },
      "devDependencies": {
        "@types/bun": "latest",
        "@types/chrome": "^0.0.266",
        "@types/react": "^19",
        "@types/react-dom": "^19",
        "linkedom": "^0.18.12",
      },
    },
  },
  "packages": {
    "@types/bun": ["@types/bun@1.3.3", "", { "dependencies": { "bun-types": "1.3.3" } }, "sha512-ogrKbJ2X5N0kWLLFKeytG0eHDleBYtngtlbu9cyBKFtNL3cnpDZkNdQj8flVf6WTZUX5ulI9AY1oa7ljhSrp+g=="],

    "@types/chrome": ["@types/chrome@0.0.266", "", { "dependencies": { "@types/filesystem": "*", "@types/har-format": "*" } }, "sha512-QSQWJTL7NjZElvq/6/E5C1+pHgEP8UAJzwoz7M4vSJ7AECt6NNehJ+tU6snnvuTqZOBjFCivvitYo5+8tNPmhg=="],

    "@types/filesystem": ["@types/filesystem@0.0.36", "", { "dependencies": { "@types/filewriter": "*" } }, "sha512-vPDXOZuannb9FZdxgHnqSwAG/jvdGM8Wq+6N4D/d80z+D4HWH+bItqsZaVRQykAn6WEVeEkLm2oQigyHtgb0RA=="],

    "@types/filewriter": ["@types/filewriter@0.0.33", "", {}, "sha512-xFU8ZXTw4gd358lb2jw25nxY9QAgqn2+bKKjKOYfNCzN4DKCFetK7sPtrlpg66Ywe3vWY9FNxprZawAh9wfJ3g=="],

    "@types/har-format": ["@types/har-format@1.2.16", "", {}, "sha512-fluxdy7ryD3MV6h8pTfTYpy/xQzCFC7m89nOH9y94cNqJ1mDIDPut7MnRHI3F6qRmh/cT2fUjG1MLdCNb4hE9A=="],

    "@types/node": ["@types/node@24.10.1", "", { "dependencies": { "undici-types": "~7.16.0" } }, "sha512-GNWcUTRBgIRJD5zj+Tq0fKOJ5XZajIiBroOF0yvj2bSU1WvNdYS/dn9UxwsujGW4JX06dnHyjV2y9rRaybH0iQ=="],

    "@types/react": ["@types/react@19.2.7", "", { "dependencies": { "csstype": "^3.2.2" } }, "sha512-MWtvHrGZLFttgeEj28VXHxpmwYbor/ATPYbBfSFZEIRK0ecCFLl2Qo55z52Hss+UV9CRN7trSeq1zbgx7YDWWg=="],

    "@types/react-dom": ["@types/react-dom@19.2.3", "", { "peerDependencies": { "@types/react": "^19.2.0" } }, "sha512-jp2L/eY6fn+KgVVQAOqYItbF0VY/YApe5Mz2F0aykSO8gx31bYCZyvSeYxCHKvzHG5eZjc+zyaS5BrBWya2+kQ=="],

    "boolbase": ["boolbase@1.0.0", "", {}, "sha512-JZOSA7Mo9sNGB8+UjSgzdLtokWAky1zbztM3WRLCbZ70/3cTANmQmOdR7y2g+J0e2WXywy1yS468tY+IruqEww=="],

    "bun-types": ["bun-types@1.3.3", "", { "dependencies": { "@types/node": "*" } }, "sha512-z3Xwlg7j2l9JY27x5Qn3Wlyos8YAp0kKRlrePAOjgjMGS5IG6E7Jnlx736vH9UVI4wUICwwhC9anYL++XeOgTQ=="],

    "css-select": ["css-select@5.2.2", "", { "dependencies": { "boolbase": "^1.0.0", "css-what": "^6.1.0", "domhandler": "^5.0.2", "domutils": "^3.0.1", "nth-check": "^2.0.1" } }, "sha512-TizTzUddG/xYLA3NXodFM0fSbNizXjOKhqiQQwvhlspadZokn1KDy0NZFS0wuEubIYAV5/c1/lAr0TaaFXEXzw=="],

    "css-what": ["css-what@6.2.2", "", {}, "sha512-u/O3vwbptzhMs3L1fQE82ZSLHQQfto5gyZzwteVIEyeaY5Fc7R4dapF/BvRoSYFeqfBk4m0V1Vafq5Pjv25wvA=="],

    "cssom": ["cssom@0.5.0", "", {}, "sha512-iKuQcq+NdHqlAcwUY0o/HL69XQrUaQdMjmStJ8JFmUaiiQErlhrmuigkg/CU4E2J0IyUKUrMAgl36TvN67MqTw=="],

    "csstype": ["csstype@3.2.3", "", {}, "sha512-z1HGKcYy2xA8AGQfwrn0PAy+PB7X/GSj3UVJW9qKyn43xWa+gl5nXmU4qqLMRzWVLFC8KusUX8T/0kCiOYpAIQ=="],

    "dom-serializer": ["dom-serializer@2.0.0", "", { "dependencies": { "domelementtype": "^2.3.0", "domhandler": "^5.0.2", "entities": "^4.2.0" } }, "sha512-wIkAryiqt/nV5EQKqQpo3SToSOV9J0DnbJqwK7Wv/Trc92zIAYZ4FlMu+JPFW1DfGFt81ZTCGgDEabffXeLyJg=="],

    "domelementtype": ["domelementtype@2.3.0", "", {}, "sha512-OLETBj6w0OsagBwdXnPdN0cnMfF9opN69co+7ZrbfPGrdpPVNBUj02spi6B1N7wChLQiPn4CSH/zJvXw56gmHw=="],

    "domhandler": ["domhandler@5.0.3", "", { "dependencies": { "domelementtype": "^2.3.0" } }, "sha512-cgwlv/1iFQiFnU96XXgROh8xTeetsnJiDsTc7TYCLFd9+/WNkIqPTxiM/8pSd8VIrhXGTf1Ny1q1hquVqDJB5w=="],

    "domutils": ["domutils@3.2.2", "", { "dependencies": { "dom-serializer": "^2.0.0", "domelementtype": "^2.3.0", "domhandler": "^5.0.3" } }, "sha512-6kZKyUajlDuqlHKVX1w7gyslj9MPIXzIFiz/rGu35uC1wMi+kMhQwGhl4lt9unC9Vb9INnY9Z3/ZA3+FhASLaw=="],

    "entities": ["entities@6.0.1", "", {}, "sha512-aN97NXWF6AWBTahfVOIrB/NShkzi5H7F9r1s9mD3cDj4Ko5f2qhhVoYMibXF7GlLveb/D2ioWay8lxI97Ven3g=="],

    "html-escaper": ["html-escaper@3.0.3", "", {}, "sha512-RuMffC89BOWQoY0WKGpIhn5gX3iI54O6nRA0yC124NYVtzjmFWBIiFd8M0x+ZdX0P9R4lADg1mgP8C7PxGOWuQ=="],

    "htmlparser2": ["htmlparser2@10.0.0", "", { "dependencies": { "domelementtype": "^2.3.0", "domhandler": "^5.0.3", "domutils": "^3.2.1", "entities": "^6.0.0" } }, "sha512-TwAZM+zE5Tq3lrEHvOlvwgj1XLWQCtaaibSN11Q+gGBAS7Y1uZSWwXXRe4iF6OXnaq1riyQAPFOBtYc77Mxq0g=="],

    "js-tokens": ["js-tokens@4.0.0", "", {}, "sha512-RdJUflcE3cUzKiMqQgsCu06FPu9UdIJO0beYbPhHN4k6apgJtifcoCtT9bcxOpYBtpD2kCM6Sbzg4CausW/PKQ=="],

    "linkedom": ["linkedom@0.18.12", "", { "dependencies": { "css-select": "^5.1.0", "cssom": "^0.5.0", "html-escaper": "^3.0.3", "htmlparser2": "^10.0.0", "uhyphen": "^0.2.0" }, "peerDependencies": { "canvas": ">= 2" }, "optionalPeers": ["canvas"] }, "sha512-jalJsOwIKuQJSeTvsgzPe9iJzyfVaEJiEXl+25EkKevsULHvMJzpNqwvj1jOESWdmgKDiXObyjOYwlUqG7wo1Q=="],

    "loose-envify": ["loose-envify@1.4.0", "", { "dependencies": { "js-tokens": "^3.0.0 || ^4.0.0" }, "bin": { "loose-envify": "cli.js" } }, "sha512-lyuxPGr/Wfhrlem2CL/UcnUc1zcqKAImBDzukY7Y5F/yQiNdko6+fRLevlw1HgMySw7f611UIY408EtxRSoK3Q=="],

    "nth-check": ["nth-check@2.1.1", "", { "dependencies": { "boolbase": "^1.0.0" } }, "sha512-lqjrjmaOoAnWfMmBPL+XNnynZh2+swxiX3WUE0s4yEHI6m+AwrK2UZOimIRl3X/4QctVqS8AiZjFqyOGrMXb/w=="],

    "object-assign": ["object-assign@4.1.1", "", {}, "sha512-rJgTQnkUnH1sFw8yT6VSU3zD3sWmu6sZhIseY8VX+GRu3P6F7Fu+JNDoXfklElbLJSnc3FUQHVe4cU5hj+BcUg=="],

    "prop-types": ["prop-types@15.8.1", "", { "dependencies": { "loose-envify": "^1.4.0", "object-assign": "^4.1.1", "react-is": "^16.13.1" } }, "sha512-oj87CgZICdulUohogVAR7AjlC0327U4el4L6eAvOqCeudMDVU0NThNaV+b9Df4dXgSP1gXMTnPdhfe/2qDH5cg=="],

    "qr.js": ["qr.js@0.0.0", "", {}, "sha512-c4iYnWb+k2E+vYpRimHqSu575b1/wKl4XFeJGpFmrJQz5I88v9aY2czh7s0w36srfCM1sXgC/xpoJz5dJfq+OQ=="],

    "react": ["react@19.2.1", "", {}, "sha512-DGrYcCWK7tvYMnWh79yrPHt+vdx9tY+1gPZa7nJQtO/p8bLTDaHp4dzwEhQB7pZ4Xe3ok4XKuEPrVuc+wlpkmw=="],

    "react-dom": ["react-dom@19.2.1", "", { "dependencies": { "scheduler": "^0.27.0" }, "peerDependencies": { "react": "^19.2.1" } }, "sha512-ibrK8llX2a4eOskq1mXKu/TGZj9qzomO+sNfO98M6d9zIPOEhlBkMkBUBLd1vgS0gQsLDBzA+8jJBVXDnfHmJg=="],

    "react-is": ["react-is@16.13.1", "", {}, "sha512-24e6ynE2H+OKt4kqsOvNd8kBpV65zoxbA4BVsEOB3ARVWQki/DHzaUoC5KuON/BiccDaCCTZBuOcfZs70kR8bQ=="],

    "react-qr-code": ["react-qr-code@2.0.18", "", { "dependencies": { "prop-types": "^15.8.1", "qr.js": "0.0.0" }, "peerDependencies": { "react": "*" } }, "sha512-v1Jqz7urLMhkO6jkgJuBYhnqvXagzceg3qJUWayuCK/c6LTIonpWbwxR1f1APGd4xrW/QcQEovNrAojbUz65Tg=="],

    "scheduler": ["scheduler@0.27.0", "", {}, "sha512-eNv+WrVbKu1f3vbYJT/xtiF5syA5HPIMtf9IgY/nKg0sWqzAUEvqY/xm7OcZc/qafLx/iO9FgOmeSAp4v5ti/Q=="],

    "uhyphen": ["uhyphen@0.2.0", "", {}, "sha512-qz3o9CHXmJJPGBdqzab7qAYuW8kQGKNEuoHFYrBwV6hWIMcpAmxDLXojcHfFr9US1Pe6zUswEIJIbLI610fuqA=="],

    "undici-types": ["undici-types@7.16.0", "", {}, "sha512-Zz+aZWSj8LE6zoxD+xrjh4VfkIG8Ya6LvYkZqtUQGJPZjYl53ypCaUwWqo7eI0x66KBGeRo+mlBEkMSeSZ38Nw=="],

    "dom-serializer/entities": ["entities@4.5.0", "", {}, "sha512-V0hjH4dGPh9Ao5p0MoRY6BVqtwCjhz6vI5LT8AJ55H+4g9/4vbHx1I54fS0XuclLhDHArPQCiMjDxjaL8fPxhw=="],
  }
}
